{
  "requires": true,
  "lockfileVersion": 1,
  "dependencies": {
    "@fortawesome/fontawesome-common-types": {
      "version": "0.2.35",
      "resolved": "https://registry.npmjs.org/@fortawesome/fontawesome-common-types/-/fontawesome-common-types-0.2.35.tgz",
      "integrity": "sha512-IHUfxSEDS9dDGqYwIW7wTN6tn/O8E0n5PcAHz9cAaBoZw6UpG20IG/YM3NNLaGPwPqgjBAFjIURzqoQs3rrtuw=="
    },
    "@fortawesome/fontawesome-svg-core": {
      "version": "1.2.35",
      "resolved": "https://registry.npmjs.org/@fortawesome/fontawesome-svg-core/-/fontawesome-svg-core-1.2.35.tgz",
      "integrity": "sha512-uLEXifXIL7hnh2sNZQrIJWNol7cTVIzwI+4qcBIq9QWaZqUblm0IDrtSqbNg+3SQf8SMGHkiSigD++rHmCHjBg==",
      "requires": {
        "@fortawesome/fontawesome-common-types": "^0.2.35"
      }
    },
    "font-awesome-animation": {
      "version": "1.1.1",
      "resolved": "https://registry.npmjs.org/font-awesome-animation/-/font-awesome-animation-1.1.1.tgz",
      "integrity": "sha512-WHl4zhyb0LeqT+v2JClv5yNZ+63e2Mbbu+9ycL3FGVHtZA8zn4iaMBxA6AgcJySLlfdjuTEA0lBZBW2CE1cwpQ=="
    },
    "lightbox2": {
      "version": "2.11.3",
      "resolved": "https://registry.npmjs.org/lightbox2/-/lightbox2-2.11.3.tgz",
      "integrity": "sha512-Q4v6il/OK9ttgEkAxSok/jrI/LUbqTrePFchqP2x/59qaDIZgJjEEc5Xf7peSMc/55Zo5PAgmX6EiN/BeEeUBQ=="
    }
  }
}
